# THIS IS AN AUTOGENERATED FILE. DO NOT EDIT THIS FILE DIRECTLY.
# yarn lockfile v1


"@bower_components/jquery.requestAnimationFrame@kasparsj/jquery.requestAnimationFrame#*":
  version "0.0.0"
  resolved "https://codeload.github.com/kasparsj/jquery.requestAnimationFrame/tar.gz/2be763a0dc740bea0208384c0b2494872cda2c62"

"@bower_components/jquery@jquery/jquery-dist#>=1.9.0":
  version "3.3.1"
  resolved "https://codeload.github.com/jquery/jquery-dist/tar.gz/9e8ec3d10fad04748176144f108d7355662ae75e"
